
Microsoft Visual Studio Solution File, Format Version 12.00
# Visual Studio Version 16
VisualStudioVersion = 16.0.31321.278
MinimumVisualStudioVersion = 10.0.40219.1
Project("{FAE04EC0-301F-11D3-BF4B-00C04F79EFBC}") = "Net5App", "Net5App.csproj", "{F77E05B8-ED56-4D85-AB60-9ABFB4DFFCC1}"
EndProject
Global
	GlobalSection(SolutionConfigurationPlatforms) = preSolution
		Debug|Any CPU = Debug|Any CPU
		Release|Any CPU = Release|Any CPU
	EndGlobalSection
	GlobalSection(ProjectConfigurationPlatforms) = postSolution
		{F77E05B8-ED56-4D85-AB60-9ABFB4DFFCC1}.Debug|Any CPU.ActiveCfg = Debug|Any CPU
		{F77E05B8-ED56-4D85-AB60-9ABFB4DFFCC1}.Debug|Any CPU.Build.0 = Debug|Any CPU
		{F77E05B8-ED56-4D85-AB60-9ABFB4DFFCC1}.Release|Any CPU.ActiveCfg = Release|Any CPU
		{F77E05B8-ED56-4D85-AB60-9ABFB4DFFCC1}.Release|Any CPU.Build.0 = Release|Any CPU
	EndGlobalSection
	GlobalSection(SolutionProperties) = preSolution
		HideSolutionNode = FALSE
	EndGlobalSection
	GlobalSection(ExtensibilityGlobals) = postSolution
		SolutionGuid = {78B42BDA-A0CF-4289-8B6C-5E295F5EABF0}
	EndGlobalSection
EndGlobal
